# THIS IS AN AUTOGENERATED FILE. DO NOT EDIT THIS FILE DIRECTLY.
# yarn lockfile v1


pnpm@^9.0.0:
  version "9.15.9"
  resolved "https://registry.yarnpkg.com/pnpm/-/pnpm-9.15.9.tgz#acafe6003ef0e6b24e01c24245a840f659cca155"
  integrity sha512-aARhQYk8ZvrQHAeSMRKOmvuJ74fiaR1p5NQO7iKJiClf1GghgbrlW1hBjDolO95lpQXsfF+UA+zlzDzTfc8lMQ==
